// !$*UTF8*$!
{
	archiveVersion = 1;
	classes = {
	};
	objectVersion = 77;
	objects = {

/* Begin PBXBuildFile section */
		B0A3B0012EEEC9B20078A8AE /* Receta.swift in Sources */ = {isa = PBXBuildFile; fileRef = B0A3AFFD2EEEC6790078A8AE /* Receta.swift */; };
		B0A3B0022EEEC9B80078A8AE /* Ingrediente.swift in Sources */ = {isa = PBXBuildFile; fileRef = B0A3AFFE2EEEC6860078A8AE /* Ingrediente.swift */; };
		B0A3B0032EEEC9BE0078A8AE /* Pasos.swift in Sources */ = {isa = PBXBuildFile; fileRef = B0A3AFFF2EEEC6920078A8AE /* Pasos.swift */; };
		B0A3B0042EEEC9C50078A8AE /* Dificultad.swift in Sources */ = {isa = PBXBuildFile; fileRef = B0A3B0002EEEC6B60078A8AE /* Dificultad.swift */; };
		B0A3B0092EEECB190078A8AE /* AlmacenRecetas.swift in Sources */ = {isa = PBXBuildFile; fileRef = B0A3B0062EEECA840078A8AE /* AlmacenRecetas.swift */; };
		B0A3B00A2EEECB1F0078A8AE /* ListaRecetasViewController.swift in Sources */ = {isa = PBXBuildFile; fileRef = B0A3B0082EEECB060078A8AE /* ListaRecetasViewController.swift */; };
		B0A3B00C2EEECCAF0078A8AE /* DetalleRecetaViewController.swift in Sources */ = {isa = PBXBuildFile; fileRef = B0A3B00B2EEECCAF0078A8AE /* DetalleRecetaViewController.swift */; };
		B0A3B00E2EEED1EE0078A8AE /* DetalleRecetaTabBarController.swift in Sources */ = {isa = PBXBuildFile; fileRef = B0A3B00D2EEED1EE0078A8AE /* DetalleRecetaTabBarController.swift */; };
		B0A3B0102EEED24B0078A8AE /* ResumenRecetaViewController.swift in Sources */ = {isa = PBXBuildFile; fileRef = B0A3B00F2EEED24B0078A8AE /* ResumenRecetaViewController.swift */; };
		B0A3B0122EEED30A0078A8AE /* IngredientesViewController.swift in Sources */ = {isa = PBXBuildFile; fileRef = B0A3B0112EEED30A0078A8AE /* IngredientesViewController.swift */; };
		B0A3B0142EEED37F0078A8AE /* PasosViewController.swift in Sources */ = {isa = PBXBuildFile; fileRef = B0A3B0132EEED37F0078A8AE /* PasosViewController.swift */; };
		B0A3B0162EEED45E0078A8AE /* PasosCollectionViewController.swift in Sources */ = {isa = PBXBuildFile; fileRef = B0A3B0152EEED45E0078A8AE /* PasosCollectionViewController.swift */; };
		B0A3B0182EEED6010078A8AE /* RootSplitViewController.swift in Sources */ = {isa = PBXBuildFile; fileRef = B0A3B0172EEED6010078A8AE /* RootSplitViewController.swift */; };
		B0A3B01A2EEED67D0078A8AE /* PlaceholderDetalleViewController.swift in Sources */ = {isa = PBXBuildFile; fileRef = B0A3B0192EEED67D0078A8AE /* PlaceholderDetalleViewController.swift */; };
		B0A3B01C2EEF22CC0078A8AE /* ItemCompra.swift in Sources */ = {isa = PBXBuildFile; fileRef = B0A3B01B2EEF22CC0078A8AE /* ItemCompra.swift */; };
		B0A3B01E2EEF23180078A8AE /* AlmacenCompra.swift in Sources */ = {isa = PBXBuildFile; fileRef = B0A3B01D2EEF23180078A8AE /* AlmacenCompra.swift */; };
		B0A3B0202EEF23CD0078A8AE /* ListaCompraViewController.swift in Sources */ = {isa = PBXBuildFile; fileRef = B0A3B01F2EEF23CD0078A8AE /* ListaCompraViewController.swift */; };
/* End PBXBuildFile section */

/* Begin PBXFileReference section */
		B0A3AFE42EEEC6310078A8AE /* CocinarEnCasa.app */ = {isa = PBXFileReference; explicitFileType = wrapper.application; includeInIndex = 0; path = CocinarEnCasa.app; sourceTree = BUILT_PRODUCTS_DIR; };
		B0A3AFFD2EEEC6790078A8AE /* Receta.swift */ = {isa = PBXFileReference; lastKnownFileType = sourcecode.swift; path = Receta.swift; sourceTree = "<group>"; };
		B0A3AFFE2EEEC6860078A8AE /* Ingrediente.swift */ = {isa = PBXFileReference; lastKnownFileType = sourcecode.swift; path = Ingrediente.swift; sourceTree = "<group>"; };
		B0A3AFFF2EEEC6920078A8AE /* Pasos.swift */ = {isa = PBXFileReference; lastKnownFileType = sourcecode.swift; path = Pasos.swift; sourceTree = "<group>"; };
		B0A3B0002EEEC6B60078A8AE /* Dificultad.swift */ = {isa = PBXFileReference; lastKnownFileType = sourcecode.swift; path = Dificultad.swift; sourceTree = "<group>"; };
		B0A3B0062EEECA840078A8AE /* AlmacenRecetas.swift */ = {isa = PBXFileReference; lastKnownFileType = sourcecode.swift; path = AlmacenRecetas.swift; sourceTree = "<group>"; };
		B0A3B0082EEECB060078A8AE /* ListaRecetasViewController.swift */ = {isa = PBXFileReference; lastKnownFileType = sourcecode.swift; path = ListaRecetasViewController.swift; sourceTree = "<group>"; };
		B0A3B00B2EEECCAF0078A8AE /* DetalleRecetaViewController.swift */ = {isa = PBXFileReference; lastKnownFileType = sourcecode.swift; path = DetalleRecetaViewController.swift; sourceTree = "<group>"; };
		B0A3B00D2EEED1EE0078A8AE /* DetalleRecetaTabBarController.swift */ = {isa = PBXFileReference; lastKnownFileType = sourcecode.swift; path = DetalleRecetaTabBarController.swift; sourceTree = "<group>"; };
		B0A3B00F2EEED24B0078A8AE /* ResumenRecetaViewController.swift */ = {isa = PBXFileReference; lastKnownFileType = sourcecode.swift; path = ResumenRecetaViewController.swift; sourceTree = "<group>"; };
		B0A3B0112EEED30A0078A8AE /* IngredientesViewController.swift */ = {isa = PBXFileReference; lastKnownFileType = sourcecode.swift; path = IngredientesViewController.swift; sourceTree = "<group>"; };
		B0A3B0132EEED37F0078A8AE /* PasosViewController.swift */ = {isa = PBXFileReference; lastKnownFileType = sourcecode.swift; path = PasosViewController.swift; sourceTree = "<group>"; };
		B0A3B0152EEED45E0078A8AE /* PasosCollectionViewController.swift */ = {isa = PBXFileReference; lastKnownFileType = sourcecode.swift; path = PasosCollectionViewController.swift; sourceTree = "<group>"; };
		B0A3B0172EEED6010078A8AE /* RootSplitViewController.swift */ = {isa = PBXFileReference; lastKnownFileType = sourcecode.swift; path = RootSplitViewController.swift; sourceTree = "<group>"; };
		B0A3B0192EEED67D0078A8AE /* PlaceholderDetalleViewController.swift */ = {isa = PBXFileReference; lastKnownFileType = sourcecode.swift; path = PlaceholderDetalleViewController.swift; sourceTree = "<group>"; };
		B0A3B01B2EEF22CC0078A8AE /* ItemCompra.swift */ = {isa = PBXFileReference; lastKnownFileType = sourcecode.swift; path = ItemCompra.swift; sourceTree = "<group>"; };
		B0A3B01D2EEF23180078A8AE /* AlmacenCompra.swift */ = {isa = PBXFileReference; lastKnownFileType = sourcecode.swift; path = AlmacenCompra.swift; sourceTree = "<group>"; };
		B0A3B01F2EEF23CD0078A8AE /* ListaCompraViewController.swift */ = {isa = PBXFileReference; lastKnownFileType = sourcecode.swift; path = ListaCompraViewController.swift; sourceTree = "<group>"; };
/* End PBXFileReference section */

/* Begin PBXFileSystemSynchronizedBuildFileExceptionSet section */
		B0A3AFF62EEEC6320078A8AE /* Exceptions for "CocinarEnCasa" folder in "CocinarEnCasa" target */ = {
			isa = PBXFileSystemSynchronizedBuildFileExceptionSet;
			membershipExceptions = (
				Info.plist,
			);
			target = B0A3AFE32EEEC6310078A8AE /* CocinarEnCasa */;
		};
/* End PBXFileSystemSynchronizedBuildFileExceptionSet section */

/* Begin PBXFileSystemSynchronizedRootGroup section */
		B0A3AFE62EEEC6310078A8AE /* CocinarEnCasa */ = {
			isa = PBXFileSystemSynchronizedRootGroup;
			exceptions = (
				B0A3AFF62EEEC6320078A8AE /* Exceptions for "CocinarEnCasa" folder in "CocinarEnCasa" target */,
			);
			path = CocinarEnCasa;
			sourceTree = "<group>";
		};
/* End PBXFileSystemSynchronizedRootGroup section */

/* Begin PBXFrameworksBuildPhase section */
		B0A3AFE12EEEC6310078A8AE /* Frameworks */ = {
			isa = PBXFrameworksBuildPhase;
			buildActionMask = 2147483647;
			files = (
			);
			runOnlyForDeploymentPostprocessing = 0;
		};
/* End PBXFrameworksBuildPhase section */

/* Begin PBXGroup section */
		B0A3AFDB2EEEC6310078A8AE = {
			isa = PBXGroup;
			children = (
				B0A3B0072EEECAF80078A8AE /* UI */,
				B0A3B0052EEECA760078A8AE /* Datos */,
				B0A3AFFC2EEEC6690078A8AE /* Modelo */,
				B0A3AFE62EEEC6310078A8AE /* CocinarEnCasa */,
				B0A3AFE52EEEC6310078A8AE /* Products */,
			);
			sourceTree = "<group>";
		};
		B0A3AFE52EEEC6310078A8AE /* Products */ = {
			isa = PBXGroup;
			children = (
				B0A3AFE42EEEC6310078A8AE /* CocinarEnCasa.app */,
			);
			name = Products;
			sourceTree = "<group>";
		};
		B0A3AFFC2EEEC6690078A8AE /* Modelo */ = {
			isa = PBXGroup;
			children = (
				B0A3B01B2EEF22CC0078A8AE /* ItemCompra.swift */,
				B0A3B0002EEEC6B60078A8AE /* Dificultad.swift */,
				B0A3AFFF2EEEC6920078A8AE /* Pasos.swift */,
				B0A3AFFE2EEEC6860078A8AE /* Ingrediente.swift */,
				B0A3AFFD2EEEC6790078A8AE /* Receta.swift */,
				B0A3B01D2EEF23180078A8AE /* AlmacenCompra.swift */,
			);
			path = Modelo;
			sourceTree = "<group>";
		};
		B0A3B0052EEECA760078A8AE /* Datos */ = {
			isa = PBXGroup;
			children = (
				B0A3B0062EEECA840078A8AE /* AlmacenRecetas.swift */,
			);
			path = Datos;
			sourceTree = "<group>";
		};
		B0A3B0072EEECAF80078A8AE /* UI */ = {
			isa = PBXGroup;
			children = (
				B0A3B0082EEECB060078A8AE /* ListaRecetasViewController.swift */,
				B0A3B00B2EEECCAF0078A8AE /* DetalleRecetaViewController.swift */,
				B0A3B00D2EEED1EE0078A8AE /* DetalleRecetaTabBarController.swift */,
				B0A3B00F2EEED24B0078A8AE /* ResumenRecetaViewController.swift */,
				B0A3B0112EEED30A0078A8AE /* IngredientesViewController.swift */,
				B0A3B0132EEED37F0078A8AE /* PasosViewController.swift */,
				B0A3B0152EEED45E0078A8AE /* PasosCollectionViewController.swift */,
				B0A3B0172EEED6010078A8AE /* RootSplitViewController.swift */,
				B0A3B0192EEED67D0078A8AE /* PlaceholderDetalleViewController.swift */,
				B0A3B01F2EEF23CD0078A8AE /* ListaCompraViewController.swift */,
			);
			path = UI;
			sourceTree = "<group>";
		};
/* End PBXGroup section */

/* Begin PBXNativeTarget section */
		B0A3AFE32EEEC6310078A8AE /* CocinarEnCasa */ = {
			isa = PBXNativeTarget;
			buildConfigurationList = B0A3AFF72EEEC6320078A8AE /* Build configuration list for PBXNativeTarget "CocinarEnCasa" */;
			buildPhases = (
				B0A3AFE02EEEC6310078A8AE /* Sources */,
				B0A3AFE12EEEC6310078A8AE /* Frameworks */,
				B0A3AFE22EEEC6310078A8AE /* Resources */,
			);
			buildRules = (
			);
			dependencies = (
			);
			fileSystemSynchronizedGroups = (
				B0A3AFE62EEEC6310078A8AE /* CocinarEnCasa */,
			);
			name = CocinarEnCasa;
			packageProductDependencies = (
			);
			productName = CocinarEnCasa;
			productReference = B0A3AFE42EEEC6310078A8AE /* CocinarEnCasa.app */;
			productType = "com.apple.product-type.application";
		};
/* End PBXNativeTarget section */

/* Begin PBXProject section */
		B0A3AFDC2EEEC6310078A8AE /* Project object */ = {
			isa = PBXProject;
			attributes = {
				BuildIndependentTargetsInParallel = 1;
				LastSwiftUpdateCheck = 2600;
				LastUpgradeCheck = 2600;
				TargetAttributes = {
					B0A3AFE32EEEC6310078A8AE = {
						CreatedOnToolsVersion = 26.0.1;
					};
				};
			};
			buildConfigurationList = B0A3AFDF2EEEC6310078A8AE /* Build configuration list for PBXProject "CocinarEnCasa" */;
			developmentRegion = en;
			hasScannedForEncodings = 0;
			knownRegions = (
				en,
				Base,
			);
			mainGroup = B0A3AFDB2EEEC6310078A8AE;
			minimizedProjectReferenceProxies = 1;
			preferredProjectObjectVersion = 77;
			productRefGroup = B0A3AFE52EEEC6310078A8AE /* Products */;
			projectDirPath = "";
			projectRoot = "";
			targets = (
				B0A3AFE32EEEC6310078A8AE /* CocinarEnCasa */,
			);
		};
/* End PBXProject section */

/* Begin PBXResourcesBuildPhase section */
		B0A3AFE22EEEC6310078A8AE /* Resources */ = {
			isa = PBXResourcesBuildPhase;
			buildActionMask = 2147483647;
			files = (
			);
			runOnlyForDeploymentPostprocessing = 0;
		};
/* End PBXResourcesBuildPhase section */

/* Begin PBXSourcesBuildPhase section */
		B0A3AFE02EEEC6310078A8AE /* Sources */ = {
			isa = PBXSourcesBuildPhase;
			buildActionMask = 2147483647;
			files = (
				B0A3B0032EEEC9BE0078A8AE /* Pasos.swift in Sources */,
				B0A3B00E2EEED1EE0078A8AE /* DetalleRecetaTabBarController.swift in Sources */,
				B0A3B00A2EEECB1F0078A8AE /* ListaRecetasViewController.swift in Sources */,
				B0A3B01A2EEED67D0078A8AE /* PlaceholderDetalleViewController.swift in Sources */,
				B0A3B00C2EEECCAF0078A8AE /* DetalleRecetaViewController.swift in Sources */,
				B0A3B0122EEED30A0078A8AE /* IngredientesViewController.swift in Sources */,
				B0A3B0182EEED6010078A8AE /* RootSplitViewController.swift in Sources */,
				B0A3B0142EEED37F0078A8AE /* PasosViewController.swift in Sources */,
				B0A3B0102EEED24B0078A8AE /* ResumenRecetaViewController.swift in Sources */,
				B0A3B0042EEEC9C50078A8AE /* Dificultad.swift in Sources */,
				B0A3B0022EEEC9B80078A8AE /* Ingrediente.swift in Sources */,
				B0A3B01C2EEF22CC0078A8AE /* ItemCompra.swift in Sources */,
				B0A3B0012EEEC9B20078A8AE /* Receta.swift in Sources */,
				B0A3B0202EEF23CD0078A8AE /* ListaCompraViewController.swift in Sources */,
				B0A3B0092EEECB190078A8AE /* AlmacenRecetas.swift in Sources */,
				B0A3B0162EEED45E0078A8AE /* PasosCollectionViewController.swift in Sources */,
				B0A3B01E2EEF23180078A8AE /* AlmacenCompra.swift in Sources */,
			);
			runOnlyForDeploymentPostprocessing = 0;
		};
/* End PBXSourcesBuildPhase section */

/* Begin XCBuildConfiguration section */
		B0A3AFF82EEEC6320078A8AE /* Debug */ = {
			isa = XCBuildConfiguration;
			buildSettings = {
				ASSETCATALOG_COMPILER_APPICON_NAME = AppIcon;
				ASSETCATALOG_COMPILER_GLOBAL_ACCENT_COLOR_NAME = AccentColor;
				CODE_SIGN_STYLE = Automatic;
				CURRENT_PROJECT_VERSION = 1;
				GENERATE_INFOPLIST_FILE = YES;
				INFOPLIST_FILE = CocinarEnCasa/Info.plist;
				INFOPLIST_KEY_UIApplicationSupportsIndirectInputEvents = YES;
				INFOPLIST_KEY_UILaunchStoryboardName = LaunchScreen;
				INFOPLIST_KEY_UIMainStoryboardFile = Main;
				INFOPLIST_KEY_UISupportedInterfaceOrientations_iPad = "UIInterfaceOrientationPortrait UIInterfaceOrientationPortraitUpsideDown UIInterfaceOrientationLandscapeLeft UIInterfaceOrientationLandscapeRight";
				INFOPLIST_KEY_UISupportedInterfaceOrientations_iPhone = "UIInterfaceOrientationPortrait UIInterfaceOrientationLandscapeLeft UIInterfaceOrientationLandscapeRight";
				LD_RUNPATH_SEARCH_PATHS = (
					"$(inherited)",
					"@executable_path/Frameworks",
				);
				MARKETING_VERSION = 1.0;
				PRODUCT_BUNDLE_IDENTIFIER = es.ua.eps.CocinarEnCasa;
				PRODUCT_NAME = "$(TARGET_NAME)";
				STRING_CATALOG_GENERATE_SYMBOLS = YES;
				SWIFT_APPROACHABLE_CONCURRENCY = YES;
				SWIFT_DEFAULT_ACTOR_ISOLATION = MainActor;
				SWIFT_EMIT_LOC_STRINGS = YES;
				SWIFT_UPCOMING_FEATURE_MEMBER_IMPORT_VISIBILITY = YES;
				SWIFT_VERSION = 5.0;
				TARGETED_DEVICE_FAMILY = "1,2";
			};
			name = Debug;
		};
		B0A3AFF92EEEC6320078A8AE /* Release */ = {
			isa = XCBuildConfiguration;
			buildSettings = {
				ASSETCATALOG_COMPILER_APPICON_NAME = AppIcon;
				ASSETCATALOG_COMPILER_GLOBAL_ACCENT_COLOR_NAME = AccentColor;
				CODE_SIGN_STYLE = Automatic;
				CURRENT_PROJECT_VERSION = 1;
				GENERATE_INFOPLIST_FILE = YES;
				INFOPLIST_FILE = CocinarEnCasa/Info.plist;
				INFOPLIST_KEY_UIApplicationSupportsIndirectInputEvents = YES;
				INFOPLIST_KEY_UILaunchStoryboardName = LaunchScreen;
				INFOPLIST_KEY_UIMainStoryboardFile = Main;
				INFOPLIST_KEY_UISupportedInterfaceOrientations_iPad = "UIInterfaceOrientationPortrait UIInterfaceOrientationPortraitUpsideDown UIInterfaceOrientationLandscapeLeft UIInterfaceOrientationLandscapeRight";
				INFOPLIST_KEY_UISupportedInterfaceOrientations_iPhone = "UIInterfaceOrientationPortrait UIInterfaceOrientationLandscapeLeft UIInterfaceOrientationLandscapeRight";
				LD_RUNPATH_SEARCH_PATHS = (
					"$(inherited)",
					"@executable_path/Frameworks",
				);
				MARKETING_VERSION = 1.0;
				PRODUCT_BUNDLE_IDENTIFIER = es.ua.eps.CocinarEnCasa;
				PRODUCT_NAME = "$(TARGET_NAME)";
				STRING_CATALOG_GENERATE_SYMBOLS = YES;
				SWIFT_APPROACHABLE_CONCURRENCY = YES;
				SWIFT_DEFAULT_ACTOR_ISOLATION = MainActor;
				SWIFT_EMIT_LOC_STRINGS = YES;
				SWIFT_UPCOMING_FEATURE_MEMBER_IMPORT_VISIBILITY = YES;
				SWIFT_VERSION = 5.0;
				TARGETED_DEVICE_FAMILY = "1,2";
			};
			name = Release;
		};
		B0A3AFFA2EEEC6320078A8AE /* Debug */ = {
			isa = XCBuildConfiguration;
			buildSettings = {
				ALWAYS_SEARCH_USER_PATHS = NO;
				ASSETCATALOG_COMPILER_GENERATE_SWIFT_ASSET_SYMBOL_EXTENSIONS = YES;
				CLANG_ANALYZER_NONNULL = YES;
				CLANG_ANALYZER_NUMBER_OBJECT_CONVERSION = YES_AGGRESSIVE;
				CLANG_CXX_LANGUAGE_STANDARD = "gnu++20";
				CLANG_ENABLE_MODULES = YES;
				CLANG_ENABLE_OBJC_ARC = YES;
				CLANG_ENABLE_OBJC_WEAK = YES;
				CLANG_WARN_BLOCK_CAPTURE_AUTORELEASING = YES;
				CLANG_WARN_BOOL_CONVERSION = YES;
				CLANG_WARN_COMMA = YES;
				CLANG_WARN_CONSTANT_CONVERSION = YES;
				CLANG_WARN_DEPRECATED_OBJC_IMPLEMENTATIONS = YES;
				CLANG_WARN_DIRECT_OBJC_ISA_USAGE = YES_ERROR;
				CLANG_WARN_DOCUMENTATION_COMMENTS = YES;
				CLANG_WARN_EMPTY_BODY = YES;
				CLANG_WARN_ENUM_CONVERSION = YES;
				CLANG_WARN_INFINITE_RECURSION = YES;
				CLANG_WARN_INT_CONVERSION = YES;
				CLANG_WARN_NON_LITERAL_NULL_CONVERSION = YES;
				CLANG_WARN_OBJC_IMPLICIT_RETAIN_SELF = YES;
				CLANG_WARN_OBJC_LITERAL_CONVERSION = YES;
				CLANG_WARN_OBJC_ROOT_CLASS = YES_ERROR;
				CLANG_WARN_QUOTED_INCLUDE_IN_FRAMEWORK_HEADER = YES;
				CLANG_WARN_RANGE_LOOP_ANALYSIS = YES;
				CLANG_WARN_STRICT_PROTOTYPES = YES;
				CLANG_WARN_SUSPICIOUS_MOVE = YES;
				CLANG_WARN_UNGUARDED_AVAILABILITY = YES_AGGRESSIVE;
				CLANG_WARN_UNREACHABLE_CODE = YES;
				CLANG_WARN__DUPLICATE_METHOD_MATCH = YES;
				COPY_PHASE_STRIP = NO;
				DEBUG_INFORMATION_FORMAT = dwarf;
				ENABLE_STRICT_OBJC_MSGSEND = YES;
				ENABLE_TESTABILITY = YES;
				ENABLE_USER_SCRIPT_SANDBOXING = YES;
				GCC_C_LANGUAGE_STANDARD = gnu17;
				GCC_DYNAMIC_NO_PIC = NO;
				GCC_NO_COMMON_BLOCKS = YES;
				GCC_OPTIMIZATION_LEVEL = 0;
				GCC_PREPROCESSOR_DEFINITIONS = (
					"DEBUG=1",
					"$(inherited)",
				);
				GCC_WARN_64_TO_32_BIT_CONVERSION = YES;
				GCC_WARN_ABOUT_RETURN_TYPE = YES_ERROR;
				GCC_WARN_UNDECLARED_SELECTOR = YES;
				GCC_WARN_UNINITIALIZED_AUTOS = YES_AGGRESSIVE;
				GCC_WARN_UNUSED_FUNCTION = YES;
				GCC_WARN_UNUSED_VARIABLE = YES;
				IPHONEOS_DEPLOYMENT_TARGET = 26.0;
				LOCALIZATION_PREFERS_STRING_CATALOGS = YES;
				MTL_ENABLE_DEBUG_INFO = INCLUDE_SOURCE;
				MTL_FAST_MATH = YES;
				ONLY_ACTIVE_ARCH = YES;
				SDKROOT = iphoneos;
				SWIFT_ACTIVE_COMPILATION_CONDITIONS = "DEBUG $(inherited)";
				SWIFT_OPTIMIZATION_LEVEL = "-Onone";
			};
			name = Debug;
		};
		B0A3AFFB2EEEC6320078A8AE /* Release */ = {
			isa = XCBuildConfiguration;
			buildSettings = {
				ALWAYS_SEARCH_USER_PATHS = NO;
				ASSETCATALOG_COMPILER_GENERATE_SWIFT_ASSET_SYMBOL_EXTENSIONS = YES;
				CLANG_ANALYZER_NONNULL = YES;
				CLANG_ANALYZER_NUMBER_OBJECT_CONVERSION = YES_AGGRESSIVE;
				CLANG_CXX_LANGUAGE_STANDARD = "gnu++20";
				CLANG_ENABLE_MODULES = YES;
				CLANG_ENABLE_OBJC_ARC = YES;
				CLANG_ENABLE_OBJC_WEAK = YES;
				CLANG_WARN_BLOCK_CAPTURE_AUTORELEASING = YES;
				CLANG_WARN_BOOL_CONVERSION = YES;
				CLANG_WARN_COMMA = YES;
				CLANG_WARN_CONSTANT_CONVERSION = YES;
				CLANG_WARN_DEPRECATED_OBJC_IMPLEMENTATIONS = YES;
				CLANG_WARN_DIRECT_OBJC_ISA_USAGE = YES_ERROR;
				CLANG_WARN_DOCUMENTATION_COMMENTS = YES;
				CLANG_WARN_EMPTY_BODY = YES;
				CLANG_WARN_ENUM_CONVERSION = YES;
				CLANG_WARN_INFINITE_RECURSION = YES;
				CLANG_WARN_INT_CONVERSION = YES;
				CLANG_WARN_NON_LITERAL_NULL_CONVERSION = YES;
				CLANG_WARN_OBJC_IMPLICIT_RETAIN_SELF = YES;
				CLANG_WARN_OBJC_LITERAL_CONVERSION = YES;
				CLANG_WARN_OBJC_ROOT_CLASS = YES_ERROR;
				CLANG_WARN_QUOTED_INCLUDE_IN_FRAMEWORK_HEADER = YES;
				CLANG_WARN_RANGE_LOOP_ANALYSIS = YES;
				CLANG_WARN_STRICT_PROTOTYPES = YES;
				CLANG_WARN_SUSPICIOUS_MOVE = YES;
				CLANG_WARN_UNGUARDED_AVAILABILITY = YES_AGGRESSIVE;
				CLANG_WARN_UNREACHABLE_CODE = YES;
				CLANG_WARN__DUPLICATE_METHOD_MATCH = YES;
				COPY_PHASE_STRIP = NO;
				DEBUG_INFORMATION_FORMAT = "dwarf-with-dsym";
				ENABLE_NS_ASSERTIONS = NO;
				ENABLE_STRICT_OBJC_MSGSEND = YES;
				ENABLE_USER_SCRIPT_SANDBOXING = YES;
				GCC_C_LANGUAGE_STANDARD = gnu17;
				GCC_NO_COMMON_BLOCKS = YES;
				GCC_WARN_64_TO_32_BIT_CONVERSION = YES;
				GCC_WARN_ABOUT_RETURN_TYPE = YES_ERROR;
				GCC_WARN_UNDECLARED_SELECTOR = YES;
				GCC_WARN_UNINITIALIZED_AUTOS = YES_AGGRESSIVE;
				GCC_WARN_UNUSED_FUNCTION = YES;
				GCC_WARN_UNUSED_VARIABLE = YES;
				IPHONEOS_DEPLOYMENT_TARGET = 26.0;
				LOCALIZATION_PREFERS_STRING_CATALOGS = YES;
				MTL_ENABLE_DEBUG_INFO = NO;
				MTL_FAST_MATH = YES;
				SDKROOT = iphoneos;
				SWIFT_COMPILATION_MODE = wholemodule;
				VALIDATE_PRODUCT = YES;
			};
			name = Release;
		};
/* End XCBuildConfiguration section */

/* Begin XCConfigurationList section */
		B0A3AFDF2EEEC6310078A8AE /* Build configuration list for PBXProject "CocinarEnCasa" */ = {
			isa = XCConfigurationList;
			buildConfigurations = (
				B0A3AFFA2EEEC6320078A8AE /* Debug */,
				B0A3AFFB2EEEC6320078A8AE /* Release */,
			);
			defaultConfigurationIsVisible = 0;
			defaultConfigurationName = Release;
		};
		B0A3AFF72EEEC6320078A8AE /* Build configuration list for PBXNativeTarget "CocinarEnCasa" */ = {
			isa = XCConfigurationList;
			buildConfigurations = (
				B0A3AFF82EEEC6320078A8AE /* Debug */,
				B0A3AFF92EEEC6320078A8AE /* Release */,
			);
			defaultConfigurationIsVisible = 0;
			defaultConfigurationName = Release;
		};
/* End XCConfigurationList section */
	};
	rootObject = B0A3AFDC2EEEC6310078A8AE /* Project object */;
}
